
Microsoft Visual Studio Solution File, Format Version 12.00
# Visual Studio Version 17
VisualStudioVersion = 17.9.34728.123
MinimumVisualStudioVersion = 10.0.40219.1
Project("{FAE04EC0-301F-11D3-BF4B-00C04F79EFBC}") = "FileCabinetConsole", "FileCabinet\FileCabinetConsole.csproj", "{BB294CDD-205A-4B21-A193-5DC84AE66866}"
EndProject
Project("{FAE04EC0-301F-11D3-BF4B-00C04F79EFBC}") = "FileCabinetLib", "FileCabinetLib\FileCabinetLib.csproj", "{C2197ED2-8B90-465B-83AA-B12CF9CE33E2}"
EndProject
Global
	GlobalSection(SolutionConfigurationPlatforms) = preSolution
		Debug|Any CPU = Debug|Any CPU
		Release|Any CPU = Release|Any CPU
	EndGlobalSection
	GlobalSection(ProjectConfigurationPlatforms) = postSolution
		{BB294CDD-205A-4B21-A193-5DC84AE66866}.Debug|Any CPU.ActiveCfg = Debug|Any CPU
		{BB294CDD-205A-4B21-A193-5DC84AE66866}.Debug|Any CPU.Build.0 = Debug|Any CPU
		{BB294CDD-205A-4B21-A193-5DC84AE66866}.Release|Any CPU.ActiveCfg = Release|Any CPU
		{BB294CDD-205A-4B21-A193-5DC84AE66866}.Release|Any CPU.Build.0 = Release|Any CPU
		{C2197ED2-8B90-465B-83AA-B12CF9CE33E2}.Debug|Any CPU.ActiveCfg = Debug|Any CPU
		{C2197ED2-8B90-465B-83AA-B12CF9CE33E2}.Debug|Any CPU.Build.0 = Debug|Any CPU
		{C2197ED2-8B90-465B-83AA-B12CF9CE33E2}.Release|Any CPU.ActiveCfg = Release|Any CPU
		{C2197ED2-8B90-465B-83AA-B12CF9CE33E2}.Release|Any CPU.Build.0 = Release|Any CPU
	EndGlobalSection
	GlobalSection(SolutionProperties) = preSolution
		HideSolutionNode = FALSE
	EndGlobalSection
	GlobalSection(ExtensibilityGlobals) = postSolution
		SolutionGuid = {331AE832-15D7-49E7-A6FC-5E31E52B87FA}
	EndGlobalSection
EndGlobal
